
Microsoft Visual Studio Solution File, Format Version 12.00
# Visual Studio 14
VisualStudioVersion = 14.0.25420.1
MinimumVisualStudioVersion = 10.0.40219.1
Project("{FAE04EC0-301F-11D3-BF4B-00C04F79EFBC}") = "DevanagariLib", "DevanagariLib\DevanagariLib.csproj", "{E8F51DC7-7773-4F49-9D8F-38A40CAEAB5F}"
EndProject
Project("{FAE04EC0-301F-11D3-BF4B-00C04F79EFBC}") = "Transliterator", "Transliterator\Transliterator.csproj", "{224B5FD5-F7B4-4554-AB6E-3DB84B776073}"
EndProject
Project("{FAE04EC0-301F-11D3-BF4B-00C04F79EFBC}") = "DevanagariLib.Tests", "DevanagariLib.Tests\DevanagariLib.Tests.csproj", "{F237EEFE-CE91-4EF4-906E-46BFBBA1163E}"
EndProject
Global
	GlobalSection(SolutionConfigurationPlatforms) = preSolution
		Debug|Any CPU = Debug|Any CPU
		Release|Any CPU = Release|Any CPU
	EndGlobalSection
	GlobalSection(ProjectConfigurationPlatforms) = postSolution
		{E8F51DC7-7773-4F49-9D8F-38A40CAEAB5F}.Debug|Any CPU.ActiveCfg = Debug|Any CPU
		{E8F51DC7-7773-4F49-9D8F-38A40CAEAB5F}.Debug|Any CPU.Build.0 = Debug|Any CPU
		{E8F51DC7-7773-4F49-9D8F-38A40CAEAB5F}.Release|Any CPU.ActiveCfg = Release|Any CPU
		{E8F51DC7-7773-4F49-9D8F-38A40CAEAB5F}.Release|Any CPU.Build.0 = Release|Any CPU
		{224B5FD5-F7B4-4554-AB6E-3DB84B776073}.Debug|Any CPU.ActiveCfg = Debug|Any CPU
		{224B5FD5-F7B4-4554-AB6E-3DB84B776073}.Debug|Any CPU.Build.0 = Debug|Any CPU
		{224B5FD5-F7B4-4554-AB6E-3DB84B776073}.Release|Any CPU.ActiveCfg = Release|Any CPU
		{224B5FD5-F7B4-4554-AB6E-3DB84B776073}.Release|Any CPU.Build.0 = Release|Any CPU
		{F237EEFE-CE91-4EF4-906E-46BFBBA1163E}.Debug|Any CPU.ActiveCfg = Debug|Any CPU
		{F237EEFE-CE91-4EF4-906E-46BFBBA1163E}.Debug|Any CPU.Build.0 = Debug|Any CPU
		{F237EEFE-CE91-4EF4-906E-46BFBBA1163E}.Release|Any CPU.ActiveCfg = Release|Any CPU
		{F237EEFE-CE91-4EF4-906E-46BFBBA1163E}.Release|Any CPU.Build.0 = Release|Any CPU
	EndGlobalSection
	GlobalSection(SolutionProperties) = preSolution
		HideSolutionNode = FALSE
	EndGlobalSection
EndGlobal
